
Microsoft Visual Studio Solution File, Format Version 12.00
# Visual Studio Version 16
VisualStudioVersion = 16.0.29418.71
MinimumVisualStudioVersion = 10.0.40219.1
Project("{888888A0-9F3D-457C-B088-3A5042F75D52}") = "PythonApplication7", "PythonApplication7\PythonApplication7.pyproj", "{8705A9D0-4BFB-4DA2-9F28-1FAC7C3672C1}"
EndProject
Global
	GlobalSection(SolutionConfigurationPlatforms) = preSolution
		Debug|Any CPU = Debug|Any CPU
		Release|Any CPU = Release|Any CPU
	EndGlobalSection
	GlobalSection(ProjectConfigurationPlatforms) = postSolution
		{8705A9D0-4BFB-4DA2-9F28-1FAC7C3672C1}.Debug|Any CPU.ActiveCfg = Debug|Any CPU
		{8705A9D0-4BFB-4DA2-9F28-1FAC7C3672C1}.Release|Any CPU.ActiveCfg = Release|Any CPU
	EndGlobalSection
	GlobalSection(SolutionProperties) = preSolution
		HideSolutionNode = FALSE
	EndGlobalSection
	GlobalSection(ExtensibilityGlobals) = postSolution
		SolutionGuid = {9EA3491F-C4E2-4DB2-9541-8634330E65FB}
	EndGlobalSection
EndGlobal
